
Microsoft Visual Studio Solution File, Format Version 12.00
# Visual Studio 2015
Project("{FAE04EC0-301F-11D3-BF4B-00C04F79EFBC}") = "Graphics Project.CSharp", "Graphics Project.CSharp.csproj", "{03A8188B-F62A-5B3D-4A55-66D95A93667B}"
EndProject
Global
	GlobalSection(SolutionConfigurationPlatforms) = preSolution
		Debug|Any CPU = Debug|Any CPU
		Release|Any CPU = Release|Any CPU
	EndGlobalSection
	GlobalSection(ProjectConfigurationPlatforms) = postSolution
		{03A8188B-F62A-5B3D-4A55-66D95A93667B}.Debug|Any CPU.ActiveCfg = Debug|Any CPU
		{03A8188B-F62A-5B3D-4A55-66D95A93667B}.Debug|Any CPU.Build.0 = Debug|Any CPU
		{03A8188B-F62A-5B3D-4A55-66D95A93667B}.Release|Any CPU.ActiveCfg = Release|Any CPU
		{03A8188B-F62A-5B3D-4A55-66D95A93667B}.Release|Any CPU.Build.0 = Release|Any CPU
	EndGlobalSection
	GlobalSection(SolutionProperties) = preSolution
		HideSolutionNode = FALSE
	EndGlobalSection
EndGlobal
